
Microsoft Visual Studio Solution File, Format Version 12.00
# Visual Studio 15
VisualStudioVersion = 15.0.27703.2026
MinimumVisualStudioVersion = 10.0.40219.1
Project("{FAE04EC0-301F-11D3-BF4B-00C04F79EFBC}") = "Toastmasters.Agenda.Generator.DocX", "Toastmasters.Agenda.Generator.DocX\Toastmasters.Agenda.Generator.DocX.csproj", "{FF98E24F-9129-4F6B-B285-4E717A74C5EE}"
EndProject
Project("{FAE04EC0-301F-11D3-BF4B-00C04F79EFBC}") = "Toastmasters.Agenda", "Toastmasters.Agenda\Toastmasters.Agenda.csproj", "{EA1DABF1-C2A5-40AF-8ADA-CBA1D849DCEE}"
EndProject
Project("{FAE04EC0-301F-11D3-BF4B-00C04F79EFBC}") = "Agenda", "Agenda\Agenda.csproj", "{6BCAD3FD-5FC9-4A2E-9E17-F159790FAF18}"
EndProject
Global
	GlobalSection(SolutionConfigurationPlatforms) = preSolution
		Debug|Any CPU = Debug|Any CPU
		Release|Any CPU = Release|Any CPU
	EndGlobalSection
	GlobalSection(ProjectConfigurationPlatforms) = postSolution
		{FF98E24F-9129-4F6B-B285-4E717A74C5EE}.Debug|Any CPU.ActiveCfg = Debug|Any CPU
		{FF98E24F-9129-4F6B-B285-4E717A74C5EE}.Debug|Any CPU.Build.0 = Debug|Any CPU
		{FF98E24F-9129-4F6B-B285-4E717A74C5EE}.Release|Any CPU.ActiveCfg = Release|Any CPU
		{FF98E24F-9129-4F6B-B285-4E717A74C5EE}.Release|Any CPU.Build.0 = Release|Any CPU
		{EA1DABF1-C2A5-40AF-8ADA-CBA1D849DCEE}.Debug|Any CPU.ActiveCfg = Debug|Any CPU
		{EA1DABF1-C2A5-40AF-8ADA-CBA1D849DCEE}.Debug|Any CPU.Build.0 = Debug|Any CPU
		{EA1DABF1-C2A5-40AF-8ADA-CBA1D849DCEE}.Release|Any CPU.ActiveCfg = Release|Any CPU
		{EA1DABF1-C2A5-40AF-8ADA-CBA1D849DCEE}.Release|Any CPU.Build.0 = Release|Any CPU
		{6BCAD3FD-5FC9-4A2E-9E17-F159790FAF18}.Debug|Any CPU.ActiveCfg = Debug|Any CPU
		{6BCAD3FD-5FC9-4A2E-9E17-F159790FAF18}.Debug|Any CPU.Build.0 = Debug|Any CPU
		{6BCAD3FD-5FC9-4A2E-9E17-F159790FAF18}.Release|Any CPU.ActiveCfg = Release|Any CPU
		{6BCAD3FD-5FC9-4A2E-9E17-F159790FAF18}.Release|Any CPU.Build.0 = Release|Any CPU
	EndGlobalSection
	GlobalSection(SolutionProperties) = preSolution
		HideSolutionNode = FALSE
	EndGlobalSection
	GlobalSection(ExtensibilityGlobals) = postSolution
		SolutionGuid = {934C7A9E-C3D9-4027-8715-9A3366506543}
	EndGlobalSection
EndGlobal
